
Microsoft Visual Studio Solution File, Format Version 12.00
# Visual Studio Version 16
VisualStudioVersion = 16.0.30611.23
MinimumVisualStudioVersion = 10.0.40219.1
Project("{FAE04EC0-301F-11D3-BF4B-00C04F79EFBC}") = "Actividad4", "Actividad4\Actividad4.csproj", "{BC7D2231-3CF4-4E7F-AECF-1CD146CCBEBB}"
EndProject
Global
	GlobalSection(SolutionConfigurationPlatforms) = preSolution
		Debug|Any CPU = Debug|Any CPU
		Release|Any CPU = Release|Any CPU
	EndGlobalSection
	GlobalSection(ProjectConfigurationPlatforms) = postSolution
		{BC7D2231-3CF4-4E7F-AECF-1CD146CCBEBB}.Debug|Any CPU.ActiveCfg = Debug|Any CPU
		{BC7D2231-3CF4-4E7F-AECF-1CD146CCBEBB}.Debug|Any CPU.Build.0 = Debug|Any CPU
		{BC7D2231-3CF4-4E7F-AECF-1CD146CCBEBB}.Release|Any CPU.ActiveCfg = Release|Any CPU
		{BC7D2231-3CF4-4E7F-AECF-1CD146CCBEBB}.Release|Any CPU.Build.0 = Release|Any CPU
	EndGlobalSection
	GlobalSection(SolutionProperties) = preSolution
		HideSolutionNode = FALSE
	EndGlobalSection
	GlobalSection(ExtensibilityGlobals) = postSolution
		SolutionGuid = {2994EA71-3432-489D-9F6D-9D5AA7F5BF61}
	EndGlobalSection
EndGlobal
